// !$*UTF8*$!
{
	archiveVersion = 1;
	classes = {
	};
	objectVersion = 55;
	objects = {

/* Begin PBXBuildFile section */
		978AC4F5285D5E9B00248C58 /* UIKit.framework in Frameworks */ = {isa = PBXBuildFile; fileRef = 978AC4F4285D5E9B00248C58 /* UIKit.framework */; };
		97E9981C285C00C3005A2B41 /* demo3App.swift in Sources */ = {isa = PBXBuildFile; fileRef = 97E9981B285C00C3005A2B41 /* demo3App.swift */; };
		97E9981E285C00C3005A2B41 /* ContentView.swift in Sources */ = {isa = PBXBuildFile; fileRef = 97E9981D285C00C3005A2B41 /* ContentView.swift */; };
		97E99820285C00C4005A2B41 /* Assets.xcassets in Resources */ = {isa = PBXBuildFile; fileRef = 97E9981F285C00C4005A2B41 /* Assets.xcassets */; };
		97E99823285C00C4005A2B41 /* Preview Assets.xcassets in Resources */ = {isa = PBXBuildFile; fileRef = 97E99822285C00C4005A2B41 /* Preview Assets.xcassets */; };
		97E9982D285C00C4005A2B41 /* demo3Tests.swift in Sources */ = {isa = PBXBuildFile; fileRef = 97E9982C285C00C4005A2B41 /* demo3Tests.swift */; };
		97E99837285C00C4005A2B41 /* demo3UITests.swift in Sources */ = {isa = PBXBuildFile; fileRef = 97E99836285C00C4005A2B41 /* demo3UITests.swift */; };
		97E99839285C00C4005A2B41 /* demo3UITestsLaunchTests.swift in Sources */ = {isa = PBXBuildFile; fileRef = 97E99838285C00C4005A2B41 /* demo3UITestsLaunchTests.swift */; };
		97E99846285C0181005A2B41 /* SwiftUIView.swift in Sources */ = {isa = PBXBuildFile; fileRef = 97E99845285C0181005A2B41 /* SwiftUIView.swift */; };
/* End PBXBuildFile section */

/* Begin PBXContainerItemProxy section */
		97E99829285C00C4005A2B41 /* PBXContainerItemProxy */ = {
			isa = PBXContainerItemProxy;
			containerPortal = 97E99810285C00C3005A2B41 /* Project object */;
			proxyType = 1;
			remoteGlobalIDString = 97E99817285C00C3005A2B41;
			remoteInfo = demo3;
		};
		97E99833285C00C4005A2B41 /* PBXContainerItemProxy */ = {
			isa = PBXContainerItemProxy;
			containerPortal = 97E99810285C00C3005A2B41 /* Project object */;
			proxyType = 1;
			remoteGlobalIDString = 97E99817285C00C3005A2B41;
			remoteInfo = demo3;
		};
/* End PBXContainerItemProxy section */

/* Begin PBXFileReference section */
		978AC4F4285D5E9B00248C58 /* UIKit.framework */ = {isa = PBXFileReference; lastKnownFileType = wrapper.framework; name = UIKit.framework; path = System/Library/Frameworks/UIKit.framework; sourceTree = SDKROOT; };
		97E99818285C00C3005A2B41 /* demo3.app */ = {isa = PBXFileReference; explicitFileType = wrapper.application; includeInIndex = 0; path = demo3.app; sourceTree = BUILT_PRODUCTS_DIR; };
		97E9981B285C00C3005A2B41 /* demo3App.swift */ = {isa = PBXFileReference; lastKnownFileType = sourcecode.swift; path = demo3App.swift; sourceTree = "<group>"; };
		97E9981D285C00C3005A2B41 /* ContentView.swift */ = {isa = PBXFileReference; lastKnownFileType = sourcecode.swift; path = ContentView.swift; sourceTree = "<group>"; };
		97E9981F285C00C4005A2B41 /* Assets.xcassets */ = {isa = PBXFileReference; lastKnownFileType = folder.assetcatalog; path = Assets.xcassets; sourceTree = "<group>"; };
		97E99822285C00C4005A2B41 /* Preview Assets.xcassets */ = {isa = PBXFileReference; lastKnownFileType = folder.assetcatalog; path = "Preview Assets.xcassets"; sourceTree = "<group>"; };
		97E99828285C00C4005A2B41 /* demo3Tests.xctest */ = {isa = PBXFileReference; explicitFileType = wrapper.cfbundle; includeInIndex = 0; path = demo3Tests.xctest; sourceTree = BUILT_PRODUCTS_DIR; };
		97E9982C285C00C4005A2B41 /* demo3Tests.swift */ = {isa = PBXFileReference; lastKnownFileType = sourcecode.swift; path = demo3Tests.swift; sourceTree = "<group>"; };
		97E99832285C00C4005A2B41 /* demo3UITests.xctest */ = {isa = PBXFileReference; explicitFileType = wrapper.cfbundle; includeInIndex = 0; path = demo3UITests.xctest; sourceTree = BUILT_PRODUCTS_DIR; };
		97E99836285C00C4005A2B41 /* demo3UITests.swift */ = {isa = PBXFileReference; lastKnownFileType = sourcecode.swift; path = demo3UITests.swift; sourceTree = "<group>"; };
		97E99838285C00C4005A2B41 /* demo3UITestsLaunchTests.swift */ = {isa = PBXFileReference; lastKnownFileType = sourcecode.swift; path = demo3UITestsLaunchTests.swift; sourceTree = "<group>"; };
		97E99845285C0181005A2B41 /* SwiftUIView.swift */ = {isa = PBXFileReference; lastKnownFileType = sourcecode.swift; path = SwiftUIView.swift; sourceTree = "<group>"; };
/* End PBXFileReference section */

/* Begin PBXFrameworksBuildPhase section */
		97E99815285C00C3005A2B41 /* Frameworks */ = {
			isa = PBXFrameworksBuildPhase;
			buildActionMask = 2147483647;
			files = (
				978AC4F5285D5E9B00248C58 /* UIKit.framework in Frameworks */,
			);
			runOnlyForDeploymentPostprocessing = 0;
		};
		97E99825285C00C4005A2B41 /* Frameworks */ = {
			isa = PBXFrameworksBuildPhase;
			buildActionMask = 2147483647;
			files = (
			);
			runOnlyForDeploymentPostprocessing = 0;
		};
		97E9982F285C00C4005A2B41 /* Frameworks */ = {
			isa = PBXFrameworksBuildPhase;
			buildActionMask = 2147483647;
			files = (
			);
			runOnlyForDeploymentPostprocessing = 0;
		};
/* End PBXFrameworksBuildPhase section */

/* Begin PBXGroup section */
		978AC4F3285D5E9B00248C58 /* Frameworks */ = {
			isa = PBXGroup;
			children = (
				978AC4F4285D5E9B00248C58 /* UIKit.framework */,
			);
			name = Frameworks;
			sourceTree = "<group>";
		};
		97E9980F285C00C3005A2B41 = {
			isa = PBXGroup;
			children = (
				97E9981A285C00C3005A2B41 /* demo3 */,
				97E9982B285C00C4005A2B41 /* demo3Tests */,
				97E99835285C00C4005A2B41 /* demo3UITests */,
				97E99819285C00C3005A2B41 /* Products */,
				978AC4F3285D5E9B00248C58 /* Frameworks */,
			);
			sourceTree = "<group>";
		};
		97E99819285C00C3005A2B41 /* Products */ = {
			isa = PBXGroup;
			children = (
				97E99818285C00C3005A2B41 /* demo3.app */,
				97E99828285C00C4005A2B41 /* demo3Tests.xctest */,
				97E99832285C00C4005A2B41 /* demo3UITests.xctest */,
			);
			name = Products;
			sourceTree = "<group>";
		};
		97E9981A285C00C3005A2B41 /* demo3 */ = {
			isa = PBXGroup;
			children = (
				97E9981B285C00C3005A2B41 /* demo3App.swift */,
				97E9981D285C00C3005A2B41 /* ContentView.swift */,
				97E9981F285C00C4005A2B41 /* Assets.xcassets */,
				97E99821285C00C4005A2B41 /* Preview Content */,
				97E99845285C0181005A2B41 /* SwiftUIView.swift */,
			);
			path = demo3;
			sourceTree = "<group>";
		};
		97E99821285C00C4005A2B41 /* Preview Content */ = {
			isa = PBXGroup;
			children = (
				97E99822285C00C4005A2B41 /* Preview Assets.xcassets */,
			);
			path = "Preview Content";
			sourceTree = "<group>";
		};
		97E9982B285C00C4005A2B41 /* demo3Tests */ = {
			isa = PBXGroup;
			children = (
				97E9982C285C00C4005A2B41 /* demo3Tests.swift */,
			);
			path = demo3Tests;
			sourceTree = "<group>";
		};
		97E99835285C00C4005A2B41 /* demo3UITests */ = {
			isa = PBXGroup;
			children = (
				97E99836285C00C4005A2B41 /* demo3UITests.swift */,
				97E99838285C00C4005A2B41 /* demo3UITestsLaunchTests.swift */,
			);
			path = demo3UITests;
			sourceTree = "<group>";
		};
/* End PBXGroup section */

/* Begin PBXNativeTarget section */
		97E99817285C00C3005A2B41 /* demo3 */ = {
			isa = PBXNativeTarget;
			buildConfigurationList = 97E9983C285C00C4005A2B41 /* Build configuration list for PBXNativeTarget "demo3" */;
			buildPhases = (
				97E99814285C00C3005A2B41 /* Sources */,
				97E99815285C00C3005A2B41 /* Frameworks */,
				97E99816285C00C3005A2B41 /* Resources */,
			);
			buildRules = (
			);
			dependencies = (
			);
			name = demo3;
			productName = demo3;
			productReference = 97E99818285C00C3005A2B41 /* demo3.app */;
			productType = "com.apple.product-type.application";
		};
		97E99827285C00C4005A2B41 /* demo3Tests */ = {
			isa = PBXNativeTarget;
			buildConfigurationList = 97E9983F285C00C4005A2B41 /* Build configuration list for PBXNativeTarget "demo3Tests" */;
			buildPhases = (
				97E99824285C00C4005A2B41 /* Sources */,
				97E99825285C00C4005A2B41 /* Frameworks */,
				97E99826285C00C4005A2B41 /* Resources */,
			);
			buildRules = (
			);
			dependencies = (
				97E9982A285C00C4005A2B41 /* PBXTargetDependency */,
			);
			name = demo3Tests;
			productName = demo3Tests;
			productReference = 97E99828285C00C4005A2B41 /* demo3Tests.xctest */;
			productType = "com.apple.product-type.bundle.unit-test";
		};
		97E99831285C00C4005A2B41 /* demo3UITests */ = {
			isa = PBXNativeTarget;
			buildConfigurationList = 97E99842285C00C4005A2B41 /* Build configuration list for PBXNativeTarget "demo3UITests" */;
			buildPhases = (
				97E9982E285C00C4005A2B41 /* Sources */,
				97E9982F285C00C4005A2B41 /* Frameworks */,
				97E99830285C00C4005A2B41 /* Resources */,
			);
			buildRules = (
			);
			dependencies = (
				97E99834285C00C4005A2B41 /* PBXTargetDependency */,
			);
			name = demo3UITests;
			productName = demo3UITests;
			productReference = 97E99832285C00C4005A2B41 /* demo3UITests.xctest */;
			productType = "com.apple.product-type.bundle.ui-testing";
		};
/* End PBXNativeTarget section */

/* Begin PBXProject section */
		97E99810285C00C3005A2B41 /* Project object */ = {
			isa = PBXProject;
			attributes = {
				BuildIndependentTargetsInParallel = 1;
				LastSwiftUpdateCheck = 1340;
				LastUpgradeCheck = 1340;
				TargetAttributes = {
					97E99817285C00C3005A2B41 = {
						CreatedOnToolsVersion = 13.4.1;
					};
					97E99827285C00C4005A2B41 = {
						CreatedOnToolsVersion = 13.4.1;
						TestTargetID = 97E99817285C00C3005A2B41;
					};
					97E99831285C00C4005A2B41 = {
						CreatedOnToolsVersion = 13.4.1;
						TestTargetID = 97E99817285C00C3005A2B41;
					};
				};
			};
			buildConfigurationList = 97E99813285C00C3005A2B41 /* Build configuration list for PBXProject "demo3" */;
			compatibilityVersion = "Xcode 13.0";
			developmentRegion = en;
			hasScannedForEncodings = 0;
			knownRegions = (
				en,
				Base,
			);
			mainGroup = 97E9980F285C00C3005A2B41;
			productRefGroup = 97E99819285C00C3005A2B41 /* Products */;
			projectDirPath = "";
			projectRoot = "";
			targets = (
				97E99817285C00C3005A2B41 /* demo3 */,
				97E99827285C00C4005A2B41 /* demo3Tests */,
				97E99831285C00C4005A2B41 /* demo3UITests */,
			);
		};
/* End PBXProject section */

/* Begin PBXResourcesBuildPhase section */
		97E99816285C00C3005A2B41 /* Resources */ = {
			isa = PBXResourcesBuildPhase;
			buildActionMask = 2147483647;
			files = (
				97E99823285C00C4005A2B41 /* Preview Assets.xcassets in Resources */,
				97E99820285C00C4005A2B41 /* Assets.xcassets in Resources */,
			);
			runOnlyForDeploymentPostprocessing = 0;
		};
		97E99826285C00C4005A2B41 /* Resources */ = {
			isa = PBXResourcesBuildPhase;
			buildActionMask = 2147483647;
			files = (
			);
			runOnlyForDeploymentPostprocessing = 0;
		};
		97E99830285C00C4005A2B41 /* Resources */ = {
			isa = PBXResourcesBuildPhase;
			buildActionMask = 2147483647;
			files = (
			);
			runOnlyForDeploymentPostprocessing = 0;
		};
/* End PBXResourcesBuildPhase section */

/* Begin PBXSourcesBuildPhase section */
		97E99814285C00C3005A2B41 /* Sources */ = {
			isa = PBXSourcesBuildPhase;
			buildActionMask = 2147483647;
			files = (
				97E9981E285C00C3005A2B41 /* ContentView.swift in Sources */,
				97E9981C285C00C3005A2B41 /* demo3App.swift in Sources */,
				97E99846285C0181005A2B41 /* SwiftUIView.swift in Sources */,
			);
			runOnlyForDeploymentPostprocessing = 0;
		};
		97E99824285C00C4005A2B41 /* Sources */ = {
			isa = PBXSourcesBuildPhase;
			buildActionMask = 2147483647;
			files = (
				97E9982D285C00C4005A2B41 /* demo3Tests.swift in Sources */,
			);
			runOnlyForDeploymentPostprocessing = 0;
		};
		97E9982E285C00C4005A2B41 /* Sources */ = {
			isa = PBXSourcesBuildPhase;
			buildActionMask = 2147483647;
			files = (
				97E99837285C00C4005A2B41 /* demo3UITests.swift in Sources */,
				97E99839285C00C4005A2B41 /* demo3UITestsLaunchTests.swift in Sources */,
			);
			runOnlyForDeploymentPostprocessing = 0;
		};
/* End PBXSourcesBuildPhase section */

/* Begin PBXTargetDependency section */
		97E9982A285C00C4005A2B41 /* PBXTargetDependency */ = {
			isa = PBXTargetDependency;
			target = 97E99817285C00C3005A2B41 /* demo3 */;
			targetProxy = 97E99829285C00C4005A2B41 /* PBXContainerItemProxy */;
		};
		97E99834285C00C4005A2B41 /* PBXTargetDependency */ = {
			isa = PBXTargetDependency;
			target = 97E99817285C00C3005A2B41 /* demo3 */;
			targetProxy = 97E99833285C00C4005A2B41 /* PBXContainerItemProxy */;
		};
/* End PBXTargetDependency section */

/* Begin XCBuildConfiguration section */
		97E9983A285C00C4005A2B41 /* Debug */ = {
			isa = XCBuildConfiguration;
			buildSettings = {
				ALWAYS_SEARCH_USER_PATHS = NO;
				CLANG_ANALYZER_NONNULL = YES;
				CLANG_ANALYZER_NUMBER_OBJECT_CONVERSION = YES_AGGRESSIVE;
				CLANG_CXX_LANGUAGE_STANDARD = "gnu++17";
				CLANG_ENABLE_MODULES = YES;
				CLANG_ENABLE_OBJC_ARC = YES;
				CLANG_ENABLE_OBJC_WEAK = YES;
				CLANG_WARN_BLOCK_CAPTURE_AUTORELEASING = YES;
				CLANG_WARN_BOOL_CONVERSION = YES;
				CLANG_WARN_COMMA = YES;
				CLANG_WARN_CONSTANT_CONVERSION = YES;
				CLANG_WARN_DEPRECATED_OBJC_IMPLEMENTATIONS = YES;
				CLANG_WARN_DIRECT_OBJC_ISA_USAGE = YES_ERROR;
				CLANG_WARN_DOCUMENTATION_COMMENTS = YES;
				CLANG_WARN_EMPTY_BODY = YES;
				CLANG_WARN_ENUM_CONVERSION = YES;
				CLANG_WARN_INFINITE_RECURSION = YES;
				CLANG_WARN_INT_CONVERSION = YES;
				CLANG_WARN_NON_LITERAL_NULL_CONVERSION = YES;
				CLANG_WARN_OBJC_IMPLICIT_RETAIN_SELF = YES;
				CLANG_WARN_OBJC_LITERAL_CONVERSION = YES;
				CLANG_WARN_OBJC_ROOT_CLASS = YES_ERROR;
				CLANG_WARN_QUOTED_INCLUDE_IN_FRAMEWORK_HEADER = YES;
				CLANG_WARN_RANGE_LOOP_ANALYSIS = YES;
				CLANG_WARN_STRICT_PROTOTYPES = YES;
				CLANG_WARN_SUSPICIOUS_MOVE = YES;
				CLANG_WARN_UNGUARDED_AVAILABILITY = YES_AGGRESSIVE;
				CLANG_WARN_UNREACHABLE_CODE = YES;
				CLANG_WARN__DUPLICATE_METHOD_MATCH = YES;
				COPY_PHASE_STRIP = NO;
				DEBUG_INFORMATION_FORMAT = dwarf;
				ENABLE_STRICT_OBJC_MSGSEND = YES;
				ENABLE_TESTABILITY = YES;
				GCC_C_LANGUAGE_STANDARD = gnu11;
				GCC_DYNAMIC_NO_PIC = NO;
				GCC_NO_COMMON_BLOCKS = YES;
				GCC_OPTIMIZATION_LEVEL = 0;
				GCC_PREPROCESSOR_DEFINITIONS = (
					"DEBUG=1",
					"$(inherited)",
				);
				GCC_WARN_64_TO_32_BIT_CONVERSION = YES;
				GCC_WARN_ABOUT_RETURN_TYPE = YES_ERROR;
				GCC_WARN_UNDECLARED_SELECTOR = YES;
				GCC_WARN_UNINITIALIZED_AUTOS = YES_AGGRESSIVE;
				GCC_WARN_UNUSED_FUNCTION = YES;
				GCC_WARN_UNUSED_VARIABLE = YES;
				IPHONEOS_DEPLOYMENT_TARGET = 14.7;
				MTL_ENABLE_DEBUG_INFO = INCLUDE_SOURCE;
				MTL_FAST_MATH = YES;
				ONLY_ACTIVE_ARCH = YES;
				SDKROOT = iphoneos;
				SWIFT_ACTIVE_COMPILATION_CONDITIONS = DEBUG;
				SWIFT_OPTIMIZATION_LEVEL = "-Onone";
			};
			name = Debug;
		};
		97E9983B285C00C4005A2B41 /* Release */ = {
			isa = XCBuildConfiguration;
			buildSettings = {
				ALWAYS_SEARCH_USER_PATHS = NO;
				CLANG_ANALYZER_NONNULL = YES;
				CLANG_ANALYZER_NUMBER_OBJECT_CONVERSION = YES_AGGRESSIVE;
				CLANG_CXX_LANGUAGE_STANDARD = "gnu++17";
				CLANG_ENABLE_MODULES = YES;
				CLANG_ENABLE_OBJC_ARC = YES;
				CLANG_ENABLE_OBJC_WEAK = YES;
				CLANG_WARN_BLOCK_CAPTURE_AUTORELEASING = YES;
				CLANG_WARN_BOOL_CONVERSION = YES;
				CLANG_WARN_COMMA = YES;
				CLANG_WARN_CONSTANT_CONVERSION = YES;
				CLANG_WARN_DEPRECATED_OBJC_IMPLEMENTATIONS = YES;
				CLANG_WARN_DIRECT_OBJC_ISA_USAGE = YES_ERROR;
				CLANG_WARN_DOCUMENTATION_COMMENTS = YES;
				CLANG_WARN_EMPTY_BODY = YES;
				CLANG_WARN_ENUM_CONVERSION = YES;
				CLANG_WARN_INFINITE_RECURSION = YES;
				CLANG_WARN_INT_CONVERSION = YES;
				CLANG_WARN_NON_LITERAL_NULL_CONVERSION = YES;
				CLANG_WARN_OBJC_IMPLICIT_RETAIN_SELF = YES;
				CLANG_WARN_OBJC_LITERAL_CONVERSION = YES;
				CLANG_WARN_OBJC_ROOT_CLASS = YES_ERROR;
				CLANG_WARN_QUOTED_INCLUDE_IN_FRAMEWORK_HEADER = YES;
				CLANG_WARN_RANGE_LOOP_ANALYSIS = YES;
				CLANG_WARN_STRICT_PROTOTYPES = YES;
				CLANG_WARN_SUSPICIOUS_MOVE = YES;
				CLANG_WARN_UNGUARDED_AVAILABILITY = YES_AGGRESSIVE;
				CLANG_WARN_UNREACHABLE_CODE = YES;
				CLANG_WARN__DUPLICATE_METHOD_MATCH = YES;
				COPY_PHASE_STRIP = NO;
				DEBUG_INFORMATION_FORMAT = "dwarf-with-dsym";
				ENABLE_NS_ASSERTIONS = NO;
				ENABLE_STRICT_OBJC_MSGSEND = YES;
				GCC_C_LANGUAGE_STANDARD = gnu11;
				GCC_NO_COMMON_BLOCKS = YES;
				GCC_WARN_64_TO_32_BIT_CONVERSION = YES;
				GCC_WARN_ABOUT_RETURN_TYPE = YES_ERROR;
				GCC_WARN_UNDECLARED_SELECTOR = YES;
				GCC_WARN_UNINITIALIZED_AUTOS = YES_AGGRESSIVE;
				GCC_WARN_UNUSED_FUNCTION = YES;
				GCC_WARN_UNUSED_VARIABLE = YES;
				IPHONEOS_DEPLOYMENT_TARGET = 14.7;
				MTL_ENABLE_DEBUG_INFO = NO;
				MTL_FAST_MATH = YES;
				SDKROOT = iphoneos;
				SWIFT_COMPILATION_MODE = wholemodule;
				SWIFT_OPTIMIZATION_LEVEL = "-O";
				VALIDATE_PRODUCT = YES;
			};
			name = Release;
		};
		97E9983D285C00C4005A2B41 /* Debug */ = {
			isa = XCBuildConfiguration;
			buildSettings = {
				ASSETCATALOG_COMPILER_APPICON_NAME = AppIcon;
				ASSETCATALOG_COMPILER_GLOBAL_ACCENT_COLOR_NAME = AccentColor;
				CODE_SIGN_STYLE = Automatic;
				CURRENT_PROJECT_VERSION = 1;
				DEVELOPMENT_ASSET_PATHS = "\"demo3/Preview Content\"";
				DEVELOPMENT_TEAM = 827QJZ93XY;
				ENABLE_PREVIEWS = YES;
				GENERATE_INFOPLIST_FILE = YES;
				INFOPLIST_KEY_UIApplicationSceneManifest_Generation = YES;
				INFOPLIST_KEY_UIApplicationSupportsIndirectInputEvents = YES;
				INFOPLIST_KEY_UILaunchScreen_Generation = YES;
				INFOPLIST_KEY_UISupportedInterfaceOrientations_iPad = "UIInterfaceOrientationPortrait UIInterfaceOrientationPortraitUpsideDown UIInterfaceOrientationLandscapeLeft UIInterfaceOrientationLandscapeRight";
				INFOPLIST_KEY_UISupportedInterfaceOrientations_iPhone = "UIInterfaceOrientationPortrait UIInterfaceOrientationLandscapeLeft UIInterfaceOrientationLandscapeRight";
				IPHONEOS_DEPLOYMENT_TARGET = 14.7;
				LD_RUNPATH_SEARCH_PATHS = (
					"$(inherited)",
					"@executable_path/Frameworks",
				);
				MARKETING_VERSION = 1.0;
				PRODUCT_BUNDLE_IDENTIFIER = com.geek45.demo3;
				PRODUCT_NAME = "$(TARGET_NAME)";
				SWIFT_EMIT_LOC_STRINGS = YES;
				SWIFT_VERSION = 5.0;
				TARGETED_DEVICE_FAMILY = "1,2";
			};
			name = Debug;
		};
		97E9983E285C00C4005A2B41 /* Release */ = {
			isa = XCBuildConfiguration;
			buildSettings = {
				ASSETCATALOG_COMPILER_APPICON_NAME = AppIcon;
				ASSETCATALOG_COMPILER_GLOBAL_ACCENT_COLOR_NAME = AccentColor;
				CODE_SIGN_STYLE = Automatic;
				CURRENT_PROJECT_VERSION = 1;
				DEVELOPMENT_ASSET_PATHS = "\"demo3/Preview Content\"";
				DEVELOPMENT_TEAM = 827QJZ93XY;
				ENABLE_PREVIEWS = YES;
				GENERATE_INFOPLIST_FILE = YES;
				INFOPLIST_KEY_UIApplicationSceneManifest_Generation = YES;
				INFOPLIST_KEY_UIApplicationSupportsIndirectInputEvents = YES;
				INFOPLIST_KEY_UILaunchScreen_Generation = YES;
				INFOPLIST_KEY_UISupportedInterfaceOrientations_iPad = "UIInterfaceOrientationPortrait UIInterfaceOrientationPortraitUpsideDown UIInterfaceOrientationLandscapeLeft UIInterfaceOrientationLandscapeRight";
				INFOPLIST_KEY_UISupportedInterfaceOrientations_iPhone = "UIInterfaceOrientationPortrait UIInterfaceOrientationLandscapeLeft UIInterfaceOrientationLandscapeRight";
				IPHONEOS_DEPLOYMENT_TARGET = 14.7;
				LD_RUNPATH_SEARCH_PATHS = (
					"$(inherited)",
					"@executable_path/Frameworks",
				);
				MARKETING_VERSION = 1.0;
				PRODUCT_BUNDLE_IDENTIFIER = com.geek45.demo3;
				PRODUCT_NAME = "$(TARGET_NAME)";
				SWIFT_EMIT_LOC_STRINGS = YES;
				SWIFT_VERSION = 5.0;
				TARGETED_DEVICE_FAMILY = "1,2";
			};
			name = Release;
		};
		97E99840285C00C4005A2B41 /* Debug */ = {
			isa = XCBuildConfiguration;
			buildSettings = {
				ALWAYS_EMBED_SWIFT_STANDARD_LIBRARIES = YES;
				BUNDLE_LOADER = "$(TEST_HOST)";
				CODE_SIGN_STYLE = Automatic;
				CURRENT_PROJECT_VERSION = 1;
				DEVELOPMENT_TEAM = 827QJZ93XY;
				GENERATE_INFOPLIST_FILE = YES;
				IPHONEOS_DEPLOYMENT_TARGET = 15.5;
				MARKETING_VERSION = 1.0;
				PRODUCT_BUNDLE_IDENTIFIER = com.geek45.demo3Tests;
				PRODUCT_NAME = "$(TARGET_NAME)";
				SWIFT_EMIT_LOC_STRINGS = NO;
				SWIFT_VERSION = 5.0;
				TARGETED_DEVICE_FAMILY = "1,2";
				TEST_HOST = "$(BUILT_PRODUCTS_DIR)/demo3.app/demo3";
			};
			name = Debug;
		};
		97E99841285C00C4005A2B41 /* Release */ = {
			isa = XCBuildConfiguration;
			buildSettings = {
				ALWAYS_EMBED_SWIFT_STANDARD_LIBRARIES = YES;
				BUNDLE_LOADER = "$(TEST_HOST)";
				CODE_SIGN_STYLE = Automatic;
				CURRENT_PROJECT_VERSION = 1;
				DEVELOPMENT_TEAM = 827QJZ93XY;
				GENERATE_INFOPLIST_FILE = YES;
				IPHONEOS_DEPLOYMENT_TARGET = 15.5;
				MARKETING_VERSION = 1.0;
				PRODUCT_BUNDLE_IDENTIFIER = com.geek45.demo3Tests;
				PRODUCT_NAME = "$(TARGET_NAME)";
				SWIFT_EMIT_LOC_STRINGS = NO;
				SWIFT_VERSION = 5.0;
				TARGETED_DEVICE_FAMILY = "1,2";
				TEST_HOST = "$(BUILT_PRODUCTS_DIR)/demo3.app/demo3";
			};
			name = Release;
		};
		97E99843285C00C4005A2B41 /* Debug */ = {
			isa = XCBuildConfiguration;
			buildSettings = {
				ALWAYS_EMBED_SWIFT_STANDARD_LIBRARIES = YES;
				CODE_SIGN_STYLE = Automatic;
				CURRENT_PROJECT_VERSION = 1;
				DEVELOPMENT_TEAM = 827QJZ93XY;
				GENERATE_INFOPLIST_FILE = YES;
				MARKETING_VERSION = 1.0;
				PRODUCT_BUNDLE_IDENTIFIER = com.geek45.demo3UITests;
				PRODUCT_NAME = "$(TARGET_NAME)";
				SWIFT_EMIT_LOC_STRINGS = NO;
				SWIFT_VERSION = 5.0;
				TARGETED_DEVICE_FAMILY = "1,2";
				TEST_TARGET_NAME = demo3;
			};
			name = Debug;
		};
		97E99844285C00C4005A2B41 /* Release */ = {
			isa = XCBuildConfiguration;
			buildSettings = {
				ALWAYS_EMBED_SWIFT_STANDARD_LIBRARIES = YES;
				CODE_SIGN_STYLE = Automatic;
				CURRENT_PROJECT_VERSION = 1;
				DEVELOPMENT_TEAM = 827QJZ93XY;
				GENERATE_INFOPLIST_FILE = YES;
				MARKETING_VERSION = 1.0;
				PRODUCT_BUNDLE_IDENTIFIER = com.geek45.demo3UITests;
				PRODUCT_NAME = "$(TARGET_NAME)";
				SWIFT_EMIT_LOC_STRINGS = NO;
				SWIFT_VERSION = 5.0;
				TARGETED_DEVICE_FAMILY = "1,2";
				TEST_TARGET_NAME = demo3;
			};
			name = Release;
		};
/* End XCBuildConfiguration section */

/* Begin XCConfigurationList section */
		97E99813285C00C3005A2B41 /* Build configuration list for PBXProject "demo3" */ = {
			isa = XCConfigurationList;
			buildConfigurations = (
				97E9983A285C00C4005A2B41 /* Debug */,
				97E9983B285C00C4005A2B41 /* Release */,
			);
			defaultConfigurationIsVisible = 0;
			defaultConfigurationName = Release;
		};
		97E9983C285C00C4005A2B41 /* Build configuration list for PBXNativeTarget "demo3" */ = {
			isa = XCConfigurationList;
			buildConfigurations = (
				97E9983D285C00C4005A2B41 /* Debug */,
				97E9983E285C00C4005A2B41 /* Release */,
			);
			defaultConfigurationIsVisible = 0;
			defaultConfigurationName = Release;
		};
		97E9983F285C00C4005A2B41 /* Build configuration list for PBXNativeTarget "demo3Tests" */ = {
			isa = XCConfigurationList;
			buildConfigurations = (
				97E99840285C00C4005A2B41 /* Debug */,
				97E99841285C00C4005A2B41 /* Release */,
			);
			defaultConfigurationIsVisible = 0;
			defaultConfigurationName = Release;
		};
		97E99842285C00C4005A2B41 /* Build configuration list for PBXNativeTarget "demo3UITests" */ = {
			isa = XCConfigurationList;
			buildConfigurations = (
				97E99843285C00C4005A2B41 /* Debug */,
				97E99844285C00C4005A2B41 /* Release */,
			);
			defaultConfigurationIsVisible = 0;
			defaultConfigurationName = Release;
		};
/* End XCConfigurationList section */
	};
	rootObject = 97E99810285C00C3005A2B41 /* Project object */;
}
